
Microsoft Visual Studio Solution File, Format Version 12.00
# Visual Studio 15
VisualStudioVersion = 15.0.27703.2042
MinimumVisualStudioVersion = 10.0.40219.1
Project("{8BC9CEB8-8B4A-11D0-8D11-00A0C91BC942}") = "HtmlClock", "HtmlClock\HtmlClock.vcxproj", "{A989E1D4-9848-45CF-9E68-0A7FB0DF9117}"
EndProject
Global
	GlobalSection(SolutionConfigurationPlatforms) = preSolution
		Debug|x64 = Debug|x64
		Debug|x86 = Debug|x86
		Release|x64 = Release|x64
		Release|x86 = Release|x86
	EndGlobalSection
	GlobalSection(ProjectConfigurationPlatforms) = postSolution
		{A989E1D4-9848-45CF-9E68-0A7FB0DF9117}.Debug|x64.ActiveCfg = Debug|x64
		{A989E1D4-9848-45CF-9E68-0A7FB0DF9117}.Debug|x64.Build.0 = Debug|x64
		{A989E1D4-9848-45CF-9E68-0A7FB0DF9117}.Debug|x86.ActiveCfg = Debug|Win32
		{A989E1D4-9848-45CF-9E68-0A7FB0DF9117}.Debug|x86.Build.0 = Debug|Win32
		{A989E1D4-9848-45CF-9E68-0A7FB0DF9117}.Release|x64.ActiveCfg = Release|x64
		{A989E1D4-9848-45CF-9E68-0A7FB0DF9117}.Release|x64.Build.0 = Release|x64
		{A989E1D4-9848-45CF-9E68-0A7FB0DF9117}.Release|x86.ActiveCfg = Release|Win32
		{A989E1D4-9848-45CF-9E68-0A7FB0DF9117}.Release|x86.Build.0 = Release|Win32
	EndGlobalSection
	GlobalSection(SolutionProperties) = preSolution
		HideSolutionNode = FALSE
	EndGlobalSection
	GlobalSection(ExtensibilityGlobals) = postSolution
		SolutionGuid = {0B277861-E580-4792-A3DB-EB5391C8640C}
	EndGlobalSection
EndGlobal
