
Microsoft Visual Studio Solution File, Format Version 12.00
# Visual Studio 15
VisualStudioVersion = 15.0.28307.902
MinimumVisualStudioVersion = 10.0.40219.1
Project("{FAE04EC0-301F-11D3-BF4B-00C04F79EFBC}") = "MySecondApp", "MySecondApp\MySecondApp.csproj", "{7348463B-5E7D-43A7-86A1-AF8B66642539}"
EndProject
Project("{FAE04EC0-301F-11D3-BF4B-00C04F79EFBC}") = "MyFirstControlLib", "MyFirstControlLib\MyFirstControlLib.csproj", "{D010584B-3FD9-4704-B0AC-7F28FA51BB10}"
EndProject
Global
	GlobalSection(SolutionConfigurationPlatforms) = preSolution
		Debug|Any CPU = Debug|Any CPU
		Release|Any CPU = Release|Any CPU
	EndGlobalSection
	GlobalSection(ProjectConfigurationPlatforms) = postSolution
		{7348463B-5E7D-43A7-86A1-AF8B66642539}.Debug|Any CPU.ActiveCfg = Debug|Any CPU
		{7348463B-5E7D-43A7-86A1-AF8B66642539}.Debug|Any CPU.Build.0 = Debug|Any CPU
		{7348463B-5E7D-43A7-86A1-AF8B66642539}.Release|Any CPU.ActiveCfg = Release|Any CPU
		{7348463B-5E7D-43A7-86A1-AF8B66642539}.Release|Any CPU.Build.0 = Release|Any CPU
		{D010584B-3FD9-4704-B0AC-7F28FA51BB10}.Debug|Any CPU.ActiveCfg = Debug|Any CPU
		{D010584B-3FD9-4704-B0AC-7F28FA51BB10}.Debug|Any CPU.Build.0 = Debug|Any CPU
		{D010584B-3FD9-4704-B0AC-7F28FA51BB10}.Release|Any CPU.ActiveCfg = Release|Any CPU
		{D010584B-3FD9-4704-B0AC-7F28FA51BB10}.Release|Any CPU.Build.0 = Release|Any CPU
	EndGlobalSection
	GlobalSection(SolutionProperties) = preSolution
		HideSolutionNode = FALSE
	EndGlobalSection
	GlobalSection(ExtensibilityGlobals) = postSolution
		SolutionGuid = {388EDD36-C2A7-4D9D-886B-F64A4CAB33BC}
	EndGlobalSection
EndGlobal
