
Microsoft Visual Studio Solution File, Format Version 12.00
# Visual Studio 15
VisualStudioVersion = 15.0.28307.902
MinimumVisualStudioVersion = 10.0.40219.1
Project("{FAE04EC0-301F-11D3-BF4B-00C04F79EFBC}") = "ServiceDemo", "ServiceDemo\ServiceDemo.csproj", "{9CA02466-977C-41AA-9D34-B41E51A3EA97}"
EndProject
Global
	GlobalSection(SolutionConfigurationPlatforms) = preSolution
		Debug|Any CPU = Debug|Any CPU
		Release|Any CPU = Release|Any CPU
	EndGlobalSection
	GlobalSection(ProjectConfigurationPlatforms) = postSolution
		{9CA02466-977C-41AA-9D34-B41E51A3EA97}.Debug|Any CPU.ActiveCfg = Debug|Any CPU
		{9CA02466-977C-41AA-9D34-B41E51A3EA97}.Debug|Any CPU.Build.0 = Debug|Any CPU
		{9CA02466-977C-41AA-9D34-B41E51A3EA97}.Release|Any CPU.ActiveCfg = Release|Any CPU
		{9CA02466-977C-41AA-9D34-B41E51A3EA97}.Release|Any CPU.Build.0 = Release|Any CPU
	EndGlobalSection
	GlobalSection(SolutionProperties) = preSolution
		HideSolutionNode = FALSE
	EndGlobalSection
	GlobalSection(ExtensibilityGlobals) = postSolution
		SolutionGuid = {3E8368A6-189C-40D4-9463-3C859F7F9A95}
	EndGlobalSection
EndGlobal
