
Microsoft Visual Studio Solution File, Format Version 12.00
# Visual Studio 15
VisualStudioVersion = 15.0.27703.2042
MinimumVisualStudioVersion = 10.0.40219.1
Project("{8BC9CEB8-8B4A-11D0-8D11-00A0C91BC942}") = "Colors", "Colors\Colors.vcxproj", "{85CC167A-233A-4C1B-A958-648CE37F17AF}"
EndProject
Global
	GlobalSection(SolutionConfigurationPlatforms) = preSolution
		Debug|x64 = Debug|x64
		Debug|x86 = Debug|x86
		Release|x64 = Release|x64
		Release|x86 = Release|x86
	EndGlobalSection
	GlobalSection(ProjectConfigurationPlatforms) = postSolution
		{85CC167A-233A-4C1B-A958-648CE37F17AF}.Debug|x64.ActiveCfg = Debug|x64
		{85CC167A-233A-4C1B-A958-648CE37F17AF}.Debug|x64.Build.0 = Debug|x64
		{85CC167A-233A-4C1B-A958-648CE37F17AF}.Debug|x86.ActiveCfg = Debug|Win32
		{85CC167A-233A-4C1B-A958-648CE37F17AF}.Debug|x86.Build.0 = Debug|Win32
		{85CC167A-233A-4C1B-A958-648CE37F17AF}.Release|x64.ActiveCfg = Release|x64
		{85CC167A-233A-4C1B-A958-648CE37F17AF}.Release|x64.Build.0 = Release|x64
		{85CC167A-233A-4C1B-A958-648CE37F17AF}.Release|x86.ActiveCfg = Release|Win32
		{85CC167A-233A-4C1B-A958-648CE37F17AF}.Release|x86.Build.0 = Release|Win32
	EndGlobalSection
	GlobalSection(SolutionProperties) = preSolution
		HideSolutionNode = FALSE
	EndGlobalSection
	GlobalSection(ExtensibilityGlobals) = postSolution
		SolutionGuid = {83C49690-BA06-45A0-A3F8-48EA75605634}
	EndGlobalSection
EndGlobal
